speakeasyVersion: 1.495.1
sources:
    hris:
        sourceNamespace: hris
        sourceRevisionDigest: sha256:31d370332dc85ccbb2f9876eeda97d2a81cd84e0e487b9dd2c56a5f5a501176c
        sourceBlobDigest: sha256:b1d60911be6eadd9d688a2c08fc83061ff2a0e9c60f1b68ca41367a51559873e
        tags:
            - latest
    stackone-specs:
        sourceNamespace: stackone-specs
        sourceRevisionDigest: sha256:5a42ffa3582f3d42e3c63e209b9878ba46db1c17446e95b77bfd560434c8ab97
        sourceBlobDigest: sha256:4c5e42b93258a6187cd3564fc06724622c7e5aa57dc4d5067421bc34046be082
        tags:
            - latest
            - speakeasy-sdk-regen-1739961401
            - 1.0.0
targets:
    stack-one:
        source: stackone-specs
        sourceNamespace: stackone-specs
        sourceRevisionDigest: sha256:5a42ffa3582f3d42e3c63e209b9878ba46db1c17446e95b77bfd560434c8ab97
        sourceBlobDigest: sha256:4c5e42b93258a6187cd3564fc06724622c7e5aa57dc4d5067421bc34046be082
        codeSamplesNamespace: stackone-specs-php-code-samples
        codeSamplesRevisionDigest: sha256:cdc9f4b7246b1d6e1f917b02f0c64f4921daf8a465a595182e858a6725e8293b
workflow:
    workflowVersion: 1.0.0
    speakeasyVersion: latest
    sources:
        stackone-specs:
            inputs:
                - location: https://api.eu1.stackone.com/oas/stackone.json
                - location: https://api.eu1.stackone.com/oas/hris.json
                - location: https://api.eu1.stackone.com/oas/ats.json
                - location: https://api.eu1.stackone.com/oas/lms.json
                - location: https://api.eu1.stackone.com/oas/iam.json
                - location: https://api.eu1.stackone.com/oas/crm.json
                - location: https://api.eu1.stackone.com/oas/marketing.json
            registry:
                location: registry.speakeasyapi.dev/stackone/stackone/stackone-specs
    targets:
        stack-one:
            target: php
            source: stackone-specs
            publish:
                packagist:
                    username: $PACKAGIST_USERNAME
                    token: $PACKAGIST_TOKEN
            codeSamples:
                registry:
                    location: registry.speakeasyapi.dev/stackone/stackone/stackone-specs-php-code-samples
                blocking: false
