speakeasyVersion: 1.411.1
sources:
    hris:
        sourceNamespace: hris
        sourceRevisionDigest: sha256:31d370332dc85ccbb2f9876eeda97d2a81cd84e0e487b9dd2c56a5f5a501176c
        sourceBlobDigest: sha256:b1d60911be6eadd9d688a2c08fc83061ff2a0e9c60f1b68ca41367a51559873e
        tags:
            - latest
    stackone-specs:
        sourceNamespace: stackone-specs
        sourceRevisionDigest: sha256:4bca5a895bf6b02994c7632693bbbf6a35bfa85484e01038047089d214c9fcfc
        sourceBlobDigest: sha256:5a1b7a678c6179efc59af690ffb37543d5a3facb6d47cf714d40b643858597f8
        tags:
            - latest
            - main
targets:
    stack-one:
        source: stackone-specs
        sourceNamespace: stackone-specs
        sourceRevisionDigest: sha256:4bca5a895bf6b02994c7632693bbbf6a35bfa85484e01038047089d214c9fcfc
        sourceBlobDigest: sha256:5a1b7a678c6179efc59af690ffb37543d5a3facb6d47cf714d40b643858597f8
        codeSamplesNamespace: stackone-specs-code-samples
        codeSamplesRevisionDigest: sha256:f0beecb7159776f59e568cf20351ca29b4c2c4bb0e0feaea71d11ba3d0c2dc6d
workflow:
    workflowVersion: 1.0.0
    speakeasyVersion: latest
    sources:
        stackone-specs:
            inputs:
                - location: https://api.eu1.stackone.com/oas/stackone.json
                - location: https://api.eu1.stackone.com/oas/hris.json
                - location: https://api.eu1.stackone.com/oas/ats.json
                - location: https://api.eu1.stackone.com/oas/lms.json
                - location: https://api.eu1.stackone.com/oas/iam.json
                - location: https://api.eu1.stackone.com/oas/crm.json
                - location: https://api.eu1.stackone.com/oas/marketing.json
            registry:
                location: registry.speakeasyapi.dev/stackone/stackone/stackone-specs
    targets:
        stack-one:
            target: php
            source: stackone-specs
            publish:
                packagist:
                    username: $PACKAGIST_USERNAME
                    token: $PACKAGIST_TOKEN
            codeSamples:
                output: ""
                registry:
                    location: registry.speakeasyapi.dev/stackone/stackone/stackone-specs-code-samples
