speakeasyVersion: 1.590.0
sources:
    hris:
        sourceNamespace: hris
        sourceRevisionDigest: sha256:31d370332dc85ccbb2f9876eeda97d2a81cd84e0e487b9dd2c56a5f5a501176c
        sourceBlobDigest: sha256:b1d60911be6eadd9d688a2c08fc83061ff2a0e9c60f1b68ca41367a51559873e
        tags:
            - latest
    stackone-specs:
        sourceNamespace: stackone-specs
        sourceRevisionDigest: sha256:ef81356f71cf0790b8409b2d340769d58e14d5127eb565cfe2b3510f1cbc88f6
        sourceBlobDigest: sha256:dd186a696c0562e7e4c817f1fd00dabda0d702f3b0cc10a8c5b7db391ac4c73a
        tags:
            - latest
            - speakeasy-sdk-regen-1753453953
            - 1.0.0
targets:
    stack-one:
        source: stackone-specs
        sourceNamespace: stackone-specs
        sourceRevisionDigest: sha256:ef81356f71cf0790b8409b2d340769d58e14d5127eb565cfe2b3510f1cbc88f6
        sourceBlobDigest: sha256:dd186a696c0562e7e4c817f1fd00dabda0d702f3b0cc10a8c5b7db391ac4c73a
        codeSamplesNamespace: stackone-specs-php-code-samples
        codeSamplesRevisionDigest: sha256:dbc7887ac82bd538d78bda5ea0f5f2d1e9b95965b8b114ccfa5b7da29802b4e0
workflow:
    workflowVersion: 1.0.0
    speakeasyVersion: latest
    sources:
        stackone-specs:
            inputs:
                - location: https://api.eu1.stackone.com/oas/stackone.json
                - location: https://api.eu1.stackone.com/oas/hris.json
                - location: https://api.eu1.stackone.com/oas/ats.json
                - location: https://api.eu1.stackone.com/oas/lms.json
                - location: https://api.eu1.stackone.com/oas/iam.json
                - location: https://api.eu1.stackone.com/oas/crm.json
                - location: https://api.eu1.stackone.com/oas/marketing.json
            registry:
                location: registry.speakeasyapi.dev/stackone/stackone/stackone-specs
    targets:
        stack-one:
            target: php
            source: stackone-specs
            publish:
                packagist:
                    username: $PACKAGIST_USERNAME
                    token: $PACKAGIST_TOKEN
            codeSamples:
                registry:
                    location: registry.speakeasyapi.dev/stackone/stackone/stackone-specs-php-code-samples
                blocking: false
